
Microsoft Visual Studio Solution File, Format Version 12.00
# Visual Studio 15
VisualStudioVersion = 15.0.28307.168
MinimumVisualStudioVersion = 10.0.40219.1
Project("{FAE04EC0-301F-11D3-BF4B-00C04F79EFBC}") = "ShOCR", "ShOCR\ShOCR.csproj", "{8262425B-570B-4B30-90BC-B16A215FDC0A}"
EndProject
Project("{FAE04EC0-301F-11D3-BF4B-00C04F79EFBC}") = "ShOCRLib", "ShOCRLib\ShOCRLib.csproj", "{6BFBA58A-4B21-4F64-9ACF-0365EA9A59B1}"
EndProject
Global
	GlobalSection(SolutionConfigurationPlatforms) = preSolution
		Debug|Any CPU = Debug|Any CPU
		Release|Any CPU = Release|Any CPU
	EndGlobalSection
	GlobalSection(ProjectConfigurationPlatforms) = postSolution
		{8262425B-570B-4B30-90BC-B16A215FDC0A}.Debug|Any CPU.ActiveCfg = Debug|Any CPU
		{8262425B-570B-4B30-90BC-B16A215FDC0A}.Debug|Any CPU.Build.0 = Debug|Any CPU
		{8262425B-570B-4B30-90BC-B16A215FDC0A}.Release|Any CPU.ActiveCfg = Release|Any CPU
		{8262425B-570B-4B30-90BC-B16A215FDC0A}.Release|Any CPU.Build.0 = Release|Any CPU
		{6BFBA58A-4B21-4F64-9ACF-0365EA9A59B1}.Debug|Any CPU.ActiveCfg = Debug|Any CPU
		{6BFBA58A-4B21-4F64-9ACF-0365EA9A59B1}.Debug|Any CPU.Build.0 = Debug|Any CPU
		{6BFBA58A-4B21-4F64-9ACF-0365EA9A59B1}.Release|Any CPU.ActiveCfg = Release|Any CPU
		{6BFBA58A-4B21-4F64-9ACF-0365EA9A59B1}.Release|Any CPU.Build.0 = Release|Any CPU
	EndGlobalSection
	GlobalSection(SolutionProperties) = preSolution
		HideSolutionNode = FALSE
	EndGlobalSection
	GlobalSection(ExtensibilityGlobals) = postSolution
		SolutionGuid = {FD129EDC-6763-4BDE-84E8-0E7CAB7DE247}
	EndGlobalSection
EndGlobal
